
Microsoft Visual Studio Solution File, Format Version 12.00
# Visual Studio Version 17
VisualStudioVersion = 17.1.32228.430
MinimumVisualStudioVersion = 10.0.40219.1
Project("{FAE04EC0-301F-11D3-BF4B-00C04F79EFBC}") = "Maple2.File.IO", "Maple2.File.IO\Maple2.File.IO.csproj", "{21ECC3AD-DD75-4906-A577-513B49F5AA31}"
EndProject
Project("{FAE04EC0-301F-11D3-BF4B-00C04F79EFBC}") = "Maple2.File.Parser", "Maple2.File.Parser\Maple2.File.Parser.csproj", "{F7063268-DC69-42FB-B94C-D35A887759B1}"
EndProject
Project("{FAE04EC0-301F-11D3-BF4B-00C04F79EFBC}") = "Maple2.File.Generator", "Maple2.File.Generator\Maple2.File.Generator.csproj", "{391F7AFC-967A-4033-85CA-65C328C4FFCE}"
EndProject
Project("{FAE04EC0-301F-11D3-BF4B-00C04F79EFBC}") = "Maple2.File.Flat", "Maple2.File.Flat\Maple2.File.Flat.csproj", "{4634738C-CDCE-4426-8D41-FE20C2F85892}"
EndProject
Project("{FAE04EC0-301F-11D3-BF4B-00C04F79EFBC}") = "Maple2.File.Tests", "Maple2.File.Tests\Maple2.File.Tests.csproj", "{7A3AFE6F-9291-4392-9605-F2BC21274D1D}"
EndProject
Global
	GlobalSection(SolutionConfigurationPlatforms) = preSolution
		Debug|Any CPU = Debug|Any CPU
		Release|Any CPU = Release|Any CPU
	EndGlobalSection
	GlobalSection(ProjectConfigurationPlatforms) = postSolution
		{21ECC3AD-DD75-4906-A577-513B49F5AA31}.Debug|Any CPU.ActiveCfg = Debug|Any CPU
		{21ECC3AD-DD75-4906-A577-513B49F5AA31}.Debug|Any CPU.Build.0 = Debug|Any CPU
		{21ECC3AD-DD75-4906-A577-513B49F5AA31}.Release|Any CPU.ActiveCfg = Release|Any CPU
		{21ECC3AD-DD75-4906-A577-513B49F5AA31}.Release|Any CPU.Build.0 = Release|Any CPU
		{F7063268-DC69-42FB-B94C-D35A887759B1}.Debug|Any CPU.ActiveCfg = Debug|Any CPU
		{F7063268-DC69-42FB-B94C-D35A887759B1}.Debug|Any CPU.Build.0 = Debug|Any CPU
		{F7063268-DC69-42FB-B94C-D35A887759B1}.Release|Any CPU.ActiveCfg = Release|Any CPU
		{F7063268-DC69-42FB-B94C-D35A887759B1}.Release|Any CPU.Build.0 = Release|Any CPU
		{391F7AFC-967A-4033-85CA-65C328C4FFCE}.Debug|Any CPU.ActiveCfg = Debug|Any CPU
		{391F7AFC-967A-4033-85CA-65C328C4FFCE}.Debug|Any CPU.Build.0 = Debug|Any CPU
		{391F7AFC-967A-4033-85CA-65C328C4FFCE}.Release|Any CPU.ActiveCfg = Release|Any CPU
		{391F7AFC-967A-4033-85CA-65C328C4FFCE}.Release|Any CPU.Build.0 = Release|Any CPU
		{4634738C-CDCE-4426-8D41-FE20C2F85892}.Debug|Any CPU.ActiveCfg = Debug|Any CPU
		{4634738C-CDCE-4426-8D41-FE20C2F85892}.Debug|Any CPU.Build.0 = Debug|Any CPU
		{4634738C-CDCE-4426-8D41-FE20C2F85892}.Release|Any CPU.ActiveCfg = Release|Any CPU
		{4634738C-CDCE-4426-8D41-FE20C2F85892}.Release|Any CPU.Build.0 = Release|Any CPU
		{7A3AFE6F-9291-4392-9605-F2BC21274D1D}.Debug|Any CPU.ActiveCfg = Debug|Any CPU
		{7A3AFE6F-9291-4392-9605-F2BC21274D1D}.Debug|Any CPU.Build.0 = Debug|Any CPU
		{7A3AFE6F-9291-4392-9605-F2BC21274D1D}.Release|Any CPU.ActiveCfg = Release|Any CPU
		{7A3AFE6F-9291-4392-9605-F2BC21274D1D}.Release|Any CPU.Build.0 = Release|Any CPU
	EndGlobalSection
	GlobalSection(SolutionProperties) = preSolution
		HideSolutionNode = FALSE
	EndGlobalSection
	GlobalSection(ExtensibilityGlobals) = postSolution
		SolutionGuid = {7680D1AB-E6DF-4E1D-8D25-A8906523DEA0}
	EndGlobalSection
EndGlobal
